
Microsoft Visual Studio Solution File, Format Version 12.00
# Visual Studio 15
VisualStudioVersion = 15.0.28307.489
MinimumVisualStudioVersion = 10.0.40219.1
Project("{FAE04EC0-301F-11D3-BF4B-00C04F79EFBC}") = "DesignPatterns.Library.StructuralPatterns", "DesignPatterns.Library.StructuralPatterns\DesignPatterns.Library.StructuralPatterns.csproj", "{6E83E176-D780-49F7-9923-BC9EABD58AF1}"
EndProject
Project("{FAE04EC0-301F-11D3-BF4B-00C04F79EFBC}") = "DesignPatterns.Library.CClient", "DesignPatterns.Library.CClient\DesignPatterns.Library.CClient.csproj", "{8B69CD37-CBFC-4F6D-8308-500D05975EC7}"
EndProject
Global
	GlobalSection(SolutionConfigurationPlatforms) = preSolution
		Debug|Any CPU = Debug|Any CPU
		Release|Any CPU = Release|Any CPU
	EndGlobalSection
	GlobalSection(ProjectConfigurationPlatforms) = postSolution
		{6E83E176-D780-49F7-9923-BC9EABD58AF1}.Debug|Any CPU.ActiveCfg = Debug|Any CPU
		{6E83E176-D780-49F7-9923-BC9EABD58AF1}.Debug|Any CPU.Build.0 = Debug|Any CPU
		{6E83E176-D780-49F7-9923-BC9EABD58AF1}.Release|Any CPU.ActiveCfg = Release|Any CPU
		{6E83E176-D780-49F7-9923-BC9EABD58AF1}.Release|Any CPU.Build.0 = Release|Any CPU
		{8B69CD37-CBFC-4F6D-8308-500D05975EC7}.Debug|Any CPU.ActiveCfg = Debug|Any CPU
		{8B69CD37-CBFC-4F6D-8308-500D05975EC7}.Debug|Any CPU.Build.0 = Debug|Any CPU
		{8B69CD37-CBFC-4F6D-8308-500D05975EC7}.Release|Any CPU.ActiveCfg = Release|Any CPU
		{8B69CD37-CBFC-4F6D-8308-500D05975EC7}.Release|Any CPU.Build.0 = Release|Any CPU
	EndGlobalSection
	GlobalSection(SolutionProperties) = preSolution
		HideSolutionNode = FALSE
	EndGlobalSection
	GlobalSection(ExtensibilityGlobals) = postSolution
		SolutionGuid = {E609DC37-2F84-4378-8DD4-2DE100B2B619}
	EndGlobalSection
EndGlobal
